<?xml version="1.0" encoding="utf-8"?>
<Project xmlns="http://schemas.microsoft.com/developer/msbuild/2003">
  <ItemGroup>
    <Filter Include="Generated Files">
      <UniqueIdentifier>{71ED8ED8-ACB9-4CE9-BBE1-E00B30144E11}</UniqueIdentifier>
      <Extensions>cpp;c;cxx;moc;h;def;odl;idl;res;</Extensions>
    </Filter>
    <Filter Include="Generated Files">
      <UniqueIdentifier>{71ED8ED8-ACB9-4CE9-BBE1-E00B30144E11}</UniqueIdentifier>
      <Extensions>cpp;c;cxx;moc;h;def;odl;idl;res;</Extensions>
    </Filter>
    <Filter Include="Header Files">
      <UniqueIdentifier>{93995380-89BD-4b04-88EB-625FBE52EBFB}</UniqueIdentifier>
      <Extensions>h;hpp;hxx;hm;inl;inc;xsd</Extensions>
    </Filter>
    <Filter Include="Header Files">
      <UniqueIdentifier>{93995380-89BD-4b04-88EB-625FBE52EBFB}</UniqueIdentifier>
      <Extensions>h;hpp;hxx;hm;inl;inc;xsd</Extensions>
    </Filter>
    <Filter Include="Source Files">
      <UniqueIdentifier>{4FC737F1-C7A5-4376-A066-2A32D752A2FF}</UniqueIdentifier>
      <Extensions>cpp;c;cxx;def;odl;idl;hpj;bat;asm;asmx</Extensions>
    </Filter>
    <Filter Include="Source Files">
      <UniqueIdentifier>{4FC737F1-C7A5-4376-A066-2A32D752A2FF}</UniqueIdentifier>
      <Extensions>cpp;c;cxx;def;odl;idl;hpj;bat;asm;asmx</Extensions>
    </Filter>
    <Filter Include="CUDA">
      <UniqueIdentifier>{a35fd8f6-c219-4854-8d1e-3429e8c3c9e3}</UniqueIdentifier>
    </Filter>
    <Filter Include="CUDA\CUDA Headers">
      <UniqueIdentifier>{a30e1ab9-ce30-41dc-a23c-05ad83734b8b}</UniqueIdentifier>
    </Filter>
    <Filter Include="CUDA\CUDA Sources">
      <UniqueIdentifier>{6e3d6ac6-d5fd-4402-8791-f6ca0a14d1c3}</UniqueIdentifier>
    </Filter>
  </ItemGroup>
  <ItemGroup>
    <ClCompile Include="..\src\logic\CellGroup.cpp">
      <Filter>Source Files</Filter>
    </ClCompile>
    <ClCompile Include="..\src\logic\CellShape.cpp">
      <Filter>Source Files</Filter>
    </ClCompile>
    <ClCompile Include="..\src\logic\ColourDifference.cpp">
      <Filter>Source Files</Filter>
    </ClCompile>
    <ClCompile Include="..\src\logic\CPUPhotomosaicGenerator.cpp">
      <Filter>Source Files</Filter>
    </ClCompile>
    <ClCompile Include="..\src\logic\GridBounds.cpp">
      <Filter>Source Files</Filter>
    </ClCompile>
    <ClCompile Include="..\src\logic\GridGenerator.cpp">
      <Filter>Source Files</Filter>
    </ClCompile>
    <ClCompile Include="..\src\logic\GridUtility.cpp">
      <Filter>Source Files</Filter>
    </ClCompile>
    <ClCompile Include="..\src\logic\ImageHistogramCompare.cpp">
      <Filter>Source Files</Filter>
    </ClCompile>
    <ClCompile Include="..\src\logic\ImageLibrary.cpp">
      <Filter>Source Files</Filter>
    </ClCompile>
    <ClCompile Include="..\src\logic\ImageUtility.cpp">
      <Filter>Source Files</Filter>
    </ClCompile>
    <ClCompile Include="..\src\logic\PhotomosaicGeneratorBase.cpp">
      <Filter>Source Files</Filter>
    </ClCompile>
    <ClCompile Include="..\src\logic\QuadTree.cpp">
      <Filter>Source Files</Filter>
    </ClCompile>
    <ClCompile Include="..\src\logic\CUDAPhotomosaicGenerator.cpp">
      <Filter>Source Files</Filter>
    </ClCompile>
    <ClCompile Include="..\src\logic\ColourScheme.cpp">
      <Filter>Source Files</Filter>
    </ClCompile>
    <ClCompile Include="Main.cpp">
      <Filter>Source Files</Filter>
    </ClCompile>
    <ClCompile Include="..\test\testutility.cpp">
      <Filter>Source Files</Filter>
    </ClCompile>
  </ItemGroup>
  <ItemGroup>
    <ClInclude Include="..\src\logic\CellGroup.h">
      <Filter>Header Files</Filter>
    </ClInclude>
    <ClInclude Include="..\src\logic\CellShape.h">
      <Filter>Header Files</Filter>
    </ClInclude>
    <ClInclude Include="..\src\logic\ColourDifference.h">
      <Filter>Header Files</Filter>
    </ClInclude>
    <ClInclude Include="..\src\logic\CPUPhotomosaicGenerator.h">
      <Filter>Header Files</Filter>
    </ClInclude>
    <ClInclude Include="..\src\logic\GridBounds.h">
      <Filter>Header Files</Filter>
    </ClInclude>
    <ClInclude Include="..\src\logic\GridGenerator.h">
      <Filter>Header Files</Filter>
    </ClInclude>
    <ClInclude Include="..\src\logic\GridUtility.h">
      <Filter>Header Files</Filter>
    </ClInclude>
    <ClInclude Include="..\src\logic\ImageHistogramCompare.h">
      <Filter>Header Files</Filter>
    </ClInclude>
    <ClInclude Include="..\src\logic\ImageLibrary.h">
      <Filter>Header Files</Filter>
    </ClInclude>
    <ClInclude Include="..\src\logic\ImageUtility.h">
      <Filter>Header Files</Filter>
    </ClInclude>
    <QtMoc Include="..\src\logic\PhotomosaicGeneratorBase.h">
      <Filter>Header Files</Filter>
    </QtMoc>
    <ClInclude Include="..\src\logic\QuadTree.h">
      <Filter>Header Files</Filter>
    </ClInclude>
    <ClInclude Include="..\src\logic\Reduction.cuh">
      <Filter>CUDA\CUDA Headers</Filter>
    </ClInclude>
    <ClInclude Include="..\src\logic\PhotomosaicGenerator.cuh">
      <Filter>CUDA\CUDA Headers</Filter>
    </ClInclude>
    <ClInclude Include="..\src\logic\CUDAPhotomosaicGenerator.h">
      <Filter>Header Files</Filter>
    </ClInclude>
    <ClInclude Include="..\src\logic\CUDAUtility.h">
      <Filter>CUDA\CUDA Headers</Filter>
    </ClInclude>
    <ClInclude Include="..\src\logic\ColourScheme.h">
      <Filter>Header Files</Filter>
    </ClInclude>
    <ClInclude Include="..\src\logic\MatUtility.h">
      <Filter>Header Files</Filter>
    </ClInclude>
    <ClInclude Include="Benchmark_Generator.h">
      <Filter>Header Files</Filter>
    </ClInclude>
    <ClInclude Include="..\test\testutility.h">
      <Filter>Header Files</Filter>
    </ClInclude>
  </ItemGroup>
  <ItemGroup>
    <CudaCompile Include="..\src\logic\PhotomosaicGenerator.cu">
      <Filter>CUDA\CUDA Sources</Filter>
    </CudaCompile>
    <CudaCompile Include="..\src\logic\Reduction.cu">
      <Filter>CUDA\CUDA Sources</Filter>
    </CudaCompile>
  </ItemGroup>
</Project>