<?xml version="1.0" encoding="utf-8"?>
<Project xmlns="http://schemas.microsoft.com/developer/msbuild/2003">
  <ItemGroup>
    <Filter Include="Form Files">
      <UniqueIdentifier>{99349809-55BA-4b9d-BF79-8FDBB0286EB3}</UniqueIdentifier>
      <Extensions>ui</Extensions>
      <ParseFiles>false</ParseFiles>
    </Filter>
    <Filter Include="Form Files">
      <UniqueIdentifier>{99349809-55BA-4b9d-BF79-8FDBB0286EB3}</UniqueIdentifier>
      <Extensions>ui</Extensions>
      <ParseFiles>false</ParseFiles>
    </Filter>
    <Filter Include="Generated Files">
      <UniqueIdentifier>{71ED8ED8-ACB9-4CE9-BBE1-E00B30144E11}</UniqueIdentifier>
      <Extensions>cpp;c;cxx;moc;h;def;odl;idl;res;</Extensions>
    </Filter>
    <Filter Include="Generated Files">
      <UniqueIdentifier>{71ED8ED8-ACB9-4CE9-BBE1-E00B30144E11}</UniqueIdentifier>
      <Extensions>cpp;c;cxx;moc;h;def;odl;idl;res;</Extensions>
    </Filter>
    <Filter Include="Header Files">
      <UniqueIdentifier>{93995380-89BD-4b04-88EB-625FBE52EBFB}</UniqueIdentifier>
      <Extensions>h;hpp;hxx;hm;inl;inc;xsd</Extensions>
    </Filter>
    <Filter Include="Header Files">
      <UniqueIdentifier>{93995380-89BD-4b04-88EB-625FBE52EBFB}</UniqueIdentifier>
      <Extensions>h;hpp;hxx;hm;inl;inc;xsd</Extensions>
    </Filter>
    <Filter Include="Resource Files">
      <UniqueIdentifier>{D9D6E242-F8AF-46E4-B9FD-80ECBC20BA3E}</UniqueIdentifier>
      <Extensions>qrc;*</Extensions>
      <ParseFiles>false</ParseFiles>
    </Filter>
    <Filter Include="Resource Files">
      <UniqueIdentifier>{D9D6E242-F8AF-46E4-B9FD-80ECBC20BA3E}</UniqueIdentifier>
      <Extensions>qrc;*</Extensions>
      <ParseFiles>false</ParseFiles>
    </Filter>
    <Filter Include="Source Files">
      <UniqueIdentifier>{4FC737F1-C7A5-4376-A066-2A32D752A2FF}</UniqueIdentifier>
      <Extensions>cpp;c;cxx;def;odl;idl;hpj;bat;asm;asmx</Extensions>
    </Filter>
    <Filter Include="Source Files">
      <UniqueIdentifier>{4FC737F1-C7A5-4376-A066-2A32D752A2FF}</UniqueIdentifier>
      <Extensions>cpp;c;cxx;def;odl;idl;hpj;bat;asm;asmx</Extensions>
    </Filter>
    <Filter Include="CUDA">
      <UniqueIdentifier>{a35fd8f6-c219-4854-8d1e-3429e8c3c9e3}</UniqueIdentifier>
    </Filter>
    <Filter Include="CUDA\CUDA Headers">
      <UniqueIdentifier>{a30e1ab9-ce30-41dc-a23c-05ad83734b8b}</UniqueIdentifier>
    </Filter>
    <Filter Include="CUDA\CUDA Sources">
      <UniqueIdentifier>{6e3d6ac6-d5fd-4402-8791-f6ca0a14d1c3}</UniqueIdentifier>
    </Filter>
  </ItemGroup>
  <ItemGroup>
    <ClCompile Include="logic\cellgroup.cpp">
      <Filter>Source Files</Filter>
    </ClCompile>
    <ClCompile Include="logic\cellshape.cpp">
      <Filter>Source Files</Filter>
    </ClCompile>
    <ClCompile Include="gui\cellshapeeditor.cpp">
      <Filter>Source Files</Filter>
    </ClCompile>
    <ClCompile Include="logic\colourdifference.cpp">
      <Filter>Source Files</Filter>
    </ClCompile>
    <ClCompile Include="gui\colourvisualisation.cpp">
      <Filter>Source Files</Filter>
    </ClCompile>
    <ClCompile Include="logic\cpuphotomosaicgenerator.cpp">
      <Filter>Source Files</Filter>
    </ClCompile>
    <ClCompile Include="gui\cropgraphicsobject.cpp">
      <Filter>Source Files</Filter>
    </ClCompile>
    <ClCompile Include="gui\customgraphicsview.cpp">
      <Filter>Source Files</Filter>
    </ClCompile>
    <ClCompile Include="logic\gridbounds.cpp">
      <Filter>Source Files</Filter>
    </ClCompile>
    <ClCompile Include="gui\grideditor.cpp">
      <Filter>Source Files</Filter>
    </ClCompile>
    <ClCompile Include="gui\grideditviewer.cpp">
      <Filter>Source Files</Filter>
    </ClCompile>
    <ClCompile Include="logic\gridgenerator.cpp">
      <Filter>Source Files</Filter>
    </ClCompile>
    <ClCompile Include="logic\gridutility.cpp">
      <Filter>Source Files</Filter>
    </ClCompile>
    <ClCompile Include="gui\gridviewer.cpp">
      <Filter>Source Files</Filter>
    </ClCompile>
    <ClCompile Include="logic\imagehistogramcompare.cpp">
      <Filter>Source Files</Filter>
    </ClCompile>
    <ClCompile Include="logic\imagelibrary.cpp">
      <Filter>Source Files</Filter>
    </ClCompile>
    <ClCompile Include="gui\imagelibraryeditor.cpp">
      <Filter>Source Files</Filter>
    </ClCompile>
    <ClCompile Include="gui\imagesquarer.cpp">
      <Filter>Source Files</Filter>
    </ClCompile>
    <ClCompile Include="logic\imageutility.cpp">
      <Filter>Source Files</Filter>
    </ClCompile>
    <ClCompile Include="gui\main.cpp">
      <Filter>Source Files</Filter>
    </ClCompile>
    <ClCompile Include="gui\mainwindow.cpp">
      <Filter>Source Files</Filter>
    </ClCompile>
    <ClCompile Include="logic\photomosaicgeneratorbase.cpp">
      <Filter>Source Files</Filter>
    </ClCompile>
    <ClCompile Include="gui\photomosaicviewer.cpp">
      <Filter>Source Files</Filter>
    </ClCompile>
    <ClCompile Include="logic\quadtree.cpp">
      <Filter>Source Files</Filter>
    </ClCompile>
    <ClCompile Include="gui\switch.cpp">
      <Filter>Source Files</Filter>
    </ClCompile>
    <ClCompile Include="logic\cudaphotomosaicgenerator.cpp">
      <Filter>Source Files</Filter>
    </ClCompile>
    <ClCompile Include="logic\ColourScheme.cpp">
      <Filter>Source Files</Filter>
    </ClCompile>
  </ItemGroup>
  <ItemGroup>
    <ClInclude Include="logic\cellgroup.h">
      <Filter>Header Files</Filter>
    </ClInclude>
    <ClInclude Include="logic\cellshape.h">
      <Filter>Header Files</Filter>
    </ClInclude>
    <QtMoc Include="gui\cellshapeeditor.h">
      <Filter>Header Files</Filter>
    </QtMoc>
    <ClInclude Include="logic\colourdifference.h">
      <Filter>Header Files</Filter>
    </ClInclude>
    <QtMoc Include="gui\colourvisualisation.h">
      <Filter>Header Files</Filter>
    </QtMoc>
    <ClInclude Include="logic\cpuphotomosaicgenerator.h">
      <Filter>Header Files</Filter>
    </ClInclude>
    <ClInclude Include="gui\cropgraphicsobject.h">
      <Filter>Header Files</Filter>
    </ClInclude>
    <QtMoc Include="gui\customgraphicsview.h">
      <Filter>Header Files</Filter>
    </QtMoc>
    <ClInclude Include="logic\gridbounds.h">
      <Filter>Header Files</Filter>
    </ClInclude>
    <QtMoc Include="gui\grideditor.h">
      <Filter>Header Files</Filter>
    </QtMoc>
    <QtMoc Include="gui\grideditviewer.h">
      <Filter>Header Files</Filter>
    </QtMoc>
    <ClInclude Include="logic\gridgenerator.h">
      <Filter>Header Files</Filter>
    </ClInclude>
    <ClInclude Include="logic\gridutility.h">
      <Filter>Header Files</Filter>
    </ClInclude>
    <QtMoc Include="gui\gridviewer.h">
      <Filter>Header Files</Filter>
    </QtMoc>
    <ClInclude Include="logic\imagehistogramcompare.h">
      <Filter>Header Files</Filter>
    </ClInclude>
    <ClInclude Include="logic\imagelibrary.h">
      <Filter>Header Files</Filter>
    </ClInclude>
    <QtMoc Include="gui\imagelibraryeditor.h">
      <Filter>Header Files</Filter>
    </QtMoc>
    <QtMoc Include="gui\imagesquarer.h">
      <Filter>Header Files</Filter>
    </QtMoc>
    <ClInclude Include="logic\imageutility.h">
      <Filter>Header Files</Filter>
    </ClInclude>
    <QtMoc Include="gui\mainwindow.h">
      <Filter>Header Files</Filter>
    </QtMoc>
    <QtMoc Include="logic\photomosaicgeneratorbase.h">
      <Filter>Header Files</Filter>
    </QtMoc>
    <QtMoc Include="gui\photomosaicviewer.h">
      <Filter>Header Files</Filter>
    </QtMoc>
    <ClInclude Include="logic\quadtree.h">
      <Filter>Header Files</Filter>
    </ClInclude>
    <QtMoc Include="gui\switch.h">
      <Filter>Header Files</Filter>
    </QtMoc>
    <ClInclude Include="logic\reduction.cuh">
      <Filter>CUDA\CUDA Headers</Filter>
    </ClInclude>
    <ClInclude Include="logic\photomosaicgenerator.cuh">
      <Filter>CUDA\CUDA Headers</Filter>
    </ClInclude>
    <ClInclude Include="logic\cudaphotomosaicgenerator.h">
      <Filter>Header Files</Filter>
    </ClInclude>
    <ClInclude Include="logic\cudautility.h">
      <Filter>CUDA\CUDA Headers</Filter>
    </ClInclude>
    <ClInclude Include="logic\ColourScheme.h">
      <Filter>Header Files</Filter>
    </ClInclude>
  </ItemGroup>
  <ItemGroup>
    <CustomBuild Include="$(Configuration)-$(Platform)-CUDA\moc_predefs.h.cbt" />
  </ItemGroup>
  <ItemGroup>
    <QtUic Include="gui\cellshapeeditor.ui">
      <Filter>Form Files</Filter>
    </QtUic>
    <QtUic Include="gui\colourvisualisation.ui">
      <Filter>Form Files</Filter>
    </QtUic>
    <QtUic Include="gui\grideditor.ui">
      <Filter>Form Files</Filter>
    </QtUic>
    <QtUic Include="gui\imagelibraryeditor.ui">
      <Filter>Form Files</Filter>
    </QtUic>
    <QtUic Include="gui\imagesquarer.ui">
      <Filter>Form Files</Filter>
    </QtUic>
    <QtUic Include="gui\mainwindow.ui">
      <Filter>Form Files</Filter>
    </QtUic>
    <QtUic Include="gui\photomosaicviewer.ui">
      <Filter>Form Files</Filter>
    </QtUic>
  </ItemGroup>
  <ItemGroup>
    <None Include="gui\LinkIcon.png">
      <Filter>Resource Files</Filter>
    </None>
    <None Include="gui\MosaicMagnifique.png">
      <Filter>Resource Files</Filter>
    </None>
    <None Include="gui\UnlinkIcon.png">
      <Filter>Resource Files</Filter>
    </None>
    <QtRcc Include="gui\ui.qrc">
      <Filter>Resource Files</Filter>
    </QtRcc>
  </ItemGroup>
  <ItemGroup>
    <ResourceCompile Include=".\MosaicMagnifique_resource.rc">
      <Filter>Resource Files</Filter>
    </ResourceCompile>
  </ItemGroup>
  <ItemGroup>
    <CudaCompile Include="logic\photomosaicgenerator.cu">
      <Filter>CUDA\CUDA Sources</Filter>
    </CudaCompile>
    <CudaCompile Include="logic\reduction.cu">
      <Filter>CUDA\CUDA Sources</Filter>
    </CudaCompile>
  </ItemGroup>
</Project>