<?xml version="1.0" encoding="utf-8"?>
<Project xmlns="http://schemas.microsoft.com/developer/msbuild/2003">
  <ItemGroup>
    <Filter Include="Form Files">
      <UniqueIdentifier>{99349809-55BA-4b9d-BF79-8FDBB0286EB3}</UniqueIdentifier>
      <Extensions>ui</Extensions>
      <ParseFiles>false</ParseFiles>
    </Filter>
    <Filter Include="Form Files">
      <UniqueIdentifier>{99349809-55BA-4b9d-BF79-8FDBB0286EB3}</UniqueIdentifier>
      <Extensions>ui</Extensions>
      <ParseFiles>false</ParseFiles>
    </Filter>
    <Filter Include="Generated Files">
      <UniqueIdentifier>{71ED8ED8-ACB9-4CE9-BBE1-E00B30144E11}</UniqueIdentifier>
      <Extensions>cpp;c;cxx;moc;h;def;odl;idl;res;</Extensions>
    </Filter>
    <Filter Include="Generated Files">
      <UniqueIdentifier>{71ED8ED8-ACB9-4CE9-BBE1-E00B30144E11}</UniqueIdentifier>
      <Extensions>cpp;c;cxx;moc;h;def;odl;idl;res;</Extensions>
    </Filter>
    <Filter Include="Header Files">
      <UniqueIdentifier>{93995380-89BD-4b04-88EB-625FBE52EBFB}</UniqueIdentifier>
      <Extensions>h;hpp;hxx;hm;inl;inc;xsd</Extensions>
    </Filter>
    <Filter Include="Header Files">
      <UniqueIdentifier>{93995380-89BD-4b04-88EB-625FBE52EBFB}</UniqueIdentifier>
      <Extensions>h;hpp;hxx;hm;inl;inc;xsd</Extensions>
    </Filter>
    <Filter Include="Resource Files">
      <UniqueIdentifier>{D9D6E242-F8AF-46E4-B9FD-80ECBC20BA3E}</UniqueIdentifier>
      <Extensions>qrc;*</Extensions>
      <ParseFiles>false</ParseFiles>
    </Filter>
    <Filter Include="Resource Files">
      <UniqueIdentifier>{D9D6E242-F8AF-46E4-B9FD-80ECBC20BA3E}</UniqueIdentifier>
      <Extensions>qrc;*</Extensions>
      <ParseFiles>false</ParseFiles>
    </Filter>
    <Filter Include="Source Files">
      <UniqueIdentifier>{4FC737F1-C7A5-4376-A066-2A32D752A2FF}</UniqueIdentifier>
      <Extensions>cpp;c;cxx;def;odl;idl;hpj;bat;asm;asmx</Extensions>
    </Filter>
    <Filter Include="Source Files">
      <UniqueIdentifier>{4FC737F1-C7A5-4376-A066-2A32D752A2FF}</UniqueIdentifier>
      <Extensions>cpp;c;cxx;def;odl;idl;hpj;bat;asm;asmx</Extensions>
    </Filter>
  </ItemGroup>
  <ItemGroup>
    <ClCompile Include="logic\CellGroup.cpp">
      <Filter>Source Files</Filter>
    </ClCompile>
    <ClCompile Include="logic\CellShape.cpp">
      <Filter>Source Files</Filter>
    </ClCompile>
    <ClCompile Include="gui\CellShapeEditor.cpp">
      <Filter>Source Files</Filter>
    </ClCompile>
    <ClCompile Include="logic\ColourDifference.cpp">
      <Filter>Source Files</Filter>
    </ClCompile>
    <ClCompile Include="gui\ColourVisualisation.cpp">
      <Filter>Source Files</Filter>
    </ClCompile>
    <ClCompile Include="logic\CPUPhotomosaicGenerator.cpp">
      <Filter>Source Files</Filter>
    </ClCompile>
    <ClCompile Include="gui\CropGraphicsObject.cpp">
      <Filter>Source Files</Filter>
    </ClCompile>
    <ClCompile Include="gui\CustomGraphicsView.cpp">
      <Filter>Source Files</Filter>
    </ClCompile>
    <ClCompile Include="logic\GridBounds.cpp">
      <Filter>Source Files</Filter>
    </ClCompile>
    <ClCompile Include="gui\GridEditor.cpp">
      <Filter>Source Files</Filter>
    </ClCompile>
    <ClCompile Include="gui\GridEditViewer.cpp">
      <Filter>Source Files</Filter>
    </ClCompile>
    <ClCompile Include="logic\GridGenerator.cpp">
      <Filter>Source Files</Filter>
    </ClCompile>
    <ClCompile Include="logic\GridUtility.cpp">
      <Filter>Source Files</Filter>
    </ClCompile>
    <ClCompile Include="gui\GridViewer.cpp">
      <Filter>Source Files</Filter>
    </ClCompile>
    <ClCompile Include="logic\ImageHistogramCompare.cpp">
      <Filter>Source Files</Filter>
    </ClCompile>
    <ClCompile Include="logic\ImageLibrary.cpp">
      <Filter>Source Files</Filter>
    </ClCompile>
    <ClCompile Include="gui\ImageLibraryEditor.cpp">
      <Filter>Source Files</Filter>
    </ClCompile>
    <ClCompile Include="gui\ImageSquarer.cpp">
      <Filter>Source Files</Filter>
    </ClCompile>
    <ClCompile Include="logic\ImageUtility.cpp">
      <Filter>Source Files</Filter>
    </ClCompile>
    <ClCompile Include="gui\Main.cpp">
      <Filter>Source Files</Filter>
    </ClCompile>
    <ClCompile Include="gui\MainWindow.cpp">
      <Filter>Source Files</Filter>
    </ClCompile>
    <ClCompile Include="logic\PhotomosaicGeneratorBase.cpp">
      <Filter>Source Files</Filter>
    </ClCompile>
    <ClCompile Include="gui\PhotomosaicViewer.cpp">
      <Filter>Source Files</Filter>
    </ClCompile>
    <ClCompile Include="logic\QuadTree.cpp">
      <Filter>Source Files</Filter>
    </ClCompile>
    <ClCompile Include="gui\Switch.cpp">
      <Filter>Source Files</Filter>
    </ClCompile>
    <ClCompile Include="logic\ColourScheme.cpp">
      <Filter>Source Files</Filter>
    </ClCompile>
  </ItemGroup>
  <ItemGroup>
    <ClInclude Include="logic\CellGroup.h">
      <Filter>Header Files</Filter>
    </ClInclude>
    <ClInclude Include="logic\CellShape.h">
      <Filter>Header Files</Filter>
    </ClInclude>
    <QtMoc Include="gui\CellShapeEditor.h">
      <Filter>Header Files</Filter>
    </QtMoc>
    <ClInclude Include="logic\ColourDifference.h">
      <Filter>Header Files</Filter>
    </ClInclude>
    <QtMoc Include="gui\ColourVisualisation.h">
      <Filter>Header Files</Filter>
    </QtMoc>
    <ClInclude Include="logic\CPUPhotomosaicGenerator.h">
      <Filter>Header Files</Filter>
    </ClInclude>
    <ClInclude Include="gui\CropGraphicsObject.h">
      <Filter>Header Files</Filter>
    </ClInclude>
    <QtMoc Include="gui\CustomGraphicsView.h">
      <Filter>Header Files</Filter>
    </QtMoc>
    <ClInclude Include="logic\GridBounds.h">
      <Filter>Header Files</Filter>
    </ClInclude>
    <QtMoc Include="gui\GridEditor.h">
      <Filter>Header Files</Filter>
    </QtMoc>
    <QtMoc Include="gui\GridEditViewer.h">
      <Filter>Header Files</Filter>
    </QtMoc>
    <ClInclude Include="logic\GridGenerator.h">
      <Filter>Header Files</Filter>
    </ClInclude>
    <ClInclude Include="logic\GridUtility.h">
      <Filter>Header Files</Filter>
    </ClInclude>
    <QtMoc Include="gui\GridViewer.h">
      <Filter>Header Files</Filter>
    </QtMoc>
    <ClInclude Include="logic\ImageHistogramCompare.h">
      <Filter>Header Files</Filter>
    </ClInclude>
    <ClInclude Include="logic\ImageLibrary.h">
      <Filter>Header Files</Filter>
    </ClInclude>
    <QtMoc Include="gui\ImageLibraryeditor.h">
      <Filter>Header Files</Filter>
    </QtMoc>
    <QtMoc Include="gui\ImageSquarer.h">
      <Filter>Header Files</Filter>
    </QtMoc>
    <ClInclude Include="logic\ImageUtility.h">
      <Filter>Header Files</Filter>
    </ClInclude>
    <QtMoc Include="gui\MainWindow.h">
      <Filter>Header Files</Filter>
    </QtMoc>
    <QtMoc Include="logic\PhotomosaicGeneratorBase.h">
      <Filter>Header Files</Filter>
    </QtMoc>
    <QtMoc Include="gui\PhotomosaicViewer.h">
      <Filter>Header Files</Filter>
    </QtMoc>
    <ClInclude Include="logic\QuadTree.h">
      <Filter>Header Files</Filter>
    </ClInclude>
    <QtMoc Include="gui\Switch.h">
      <Filter>Header Files</Filter>
    </QtMoc>
    <ClInclude Include="resource.h">
      <Filter>Generated Files</Filter>
    </ClInclude>
    <ClInclude Include="logic\ColourScheme.h">
      <Filter>Header Files</Filter>
    </ClInclude>
    <ClInclude Include="MatUtility.h">
      <Filter>Header Files</Filter>
    </ClInclude>
  </ItemGroup>
  <ItemGroup>
    <CustomBuild Include="$(Configuration)-$(Platform)\moc_predefs.h.cbt" />
  </ItemGroup>
  <ItemGroup>
    <QtUic Include="gui\CellShapeEditor.ui">
      <Filter>Form Files</Filter>
    </QtUic>
    <QtUic Include="gui\ColourVisualisation.ui">
      <Filter>Form Files</Filter>
    </QtUic>
    <QtUic Include="gui\GridEditor.ui">
      <Filter>Form Files</Filter>
    </QtUic>
    <QtUic Include="gui\ImageLibraryeditor.ui">
      <Filter>Form Files</Filter>
    </QtUic>
    <QtUic Include="gui\ImageSquarer.ui">
      <Filter>Form Files</Filter>
    </QtUic>
    <QtUic Include="gui\MainWindow.ui">
      <Filter>Form Files</Filter>
    </QtUic>
    <QtUic Include="gui\PhotomosaicViewer.ui">
      <Filter>Form Files</Filter>
    </QtUic>
  </ItemGroup>
  <ItemGroup>
    <None Include="gui\LinkIcon.png">
      <Filter>Resource Files</Filter>
    </None>
    <None Include="gui\MosaicMagnifique.png">
      <Filter>Resource Files</Filter>
    </None>
    <None Include="gui\UnlinkIcon.png">
      <Filter>Resource Files</Filter>
    </None>
    <QtRcc Include="gui\ui.qrc">
      <Filter>Resource Files</Filter>
    </QtRcc>
  </ItemGroup>
  <ItemGroup>
    <ResourceCompile Include="MosaicMagnifique_resource.rc">
      <Filter>Resource Files</Filter>
    </ResourceCompile>
  </ItemGroup>
  <ItemGroup>
    <Image Include="gui\MosaicMagnifique.ico">
      <Filter>Resource Files</Filter>
    </Image>
  </ItemGroup>
</Project>